
Microsoft Visual Studio Solution File, Format Version 12.00
# Visual Studio Version 16
VisualStudioVersion = 16.0.33423.256
MinimumVisualStudioVersion = 10.0.40219.1
Project("{FAE04EC0-301F-11D3-BF4B-00C04F79EFBC}") = "Kalkulator 19 frame", "Kalkulator 19 frame\Kalkulator 19 frame.csproj", "{52FC5D88-7A47-46B4-B143-5092F9934C72}"
EndProject
Global
	GlobalSection(SolutionConfigurationPlatforms) = preSolution
		Debug|Any CPU = Debug|Any CPU
		Release|Any CPU = Release|Any CPU
	EndGlobalSection
	GlobalSection(ProjectConfigurationPlatforms) = postSolution
		{52FC5D88-7A47-46B4-B143-5092F9934C72}.Debug|Any CPU.ActiveCfg = Debug|Any CPU
		{52FC5D88-7A47-46B4-B143-5092F9934C72}.Debug|Any CPU.Build.0 = Debug|Any CPU
		{52FC5D88-7A47-46B4-B143-5092F9934C72}.Release|Any CPU.ActiveCfg = Release|Any CPU
		{52FC5D88-7A47-46B4-B143-5092F9934C72}.Release|Any CPU.Build.0 = Release|Any CPU
	EndGlobalSection
	GlobalSection(SolutionProperties) = preSolution
		HideSolutionNode = FALSE
	EndGlobalSection
	GlobalSection(ExtensibilityGlobals) = postSolution
		SolutionGuid = {1B8E4CC8-B316-4BA1-BF28-F3F316162432}
	EndGlobalSection
EndGlobal
